
Microsoft Visual Studio Solution File, Format Version 12.00
# Visual Studio Version 16
VisualStudioVersion = 16.0.30804.86
MinimumVisualStudioVersion = 10.0.40219.1
Project("{FAE04EC0-301F-11D3-BF4B-00C04F79EFBC}") = "TASK2", "TASK2\TASK2.csproj", "{592131A5-BFE2-4A29-AED8-F74007F00A3D}"
EndProject
Global
	GlobalSection(SolutionConfigurationPlatforms) = preSolution
		Debug|Any CPU = Debug|Any CPU
		Release|Any CPU = Release|Any CPU
	EndGlobalSection
	GlobalSection(ProjectConfigurationPlatforms) = postSolution
		{592131A5-BFE2-4A29-AED8-F74007F00A3D}.Debug|Any CPU.ActiveCfg = Debug|Any CPU
		{592131A5-BFE2-4A29-AED8-F74007F00A3D}.Debug|Any CPU.Build.0 = Debug|Any CPU
		{592131A5-BFE2-4A29-AED8-F74007F00A3D}.Release|Any CPU.ActiveCfg = Release|Any CPU
		{592131A5-BFE2-4A29-AED8-F74007F00A3D}.Release|Any CPU.Build.0 = Release|Any CPU
	EndGlobalSection
	GlobalSection(SolutionProperties) = preSolution
		HideSolutionNode = FALSE
	EndGlobalSection
	GlobalSection(ExtensibilityGlobals) = postSolution
		SolutionGuid = {C7EBEB3E-42C6-4B28-999E-838D41F8C367}
	EndGlobalSection
EndGlobal
